// !$*UTF8*$!
{
	archiveVersion = 1;
	classes = {
	};
	objectVersion = 51;
	objects = {

/* Begin PBXBuildFile section */
		5E9AA8AA91EAC89A69BC3705 /* Pods_recyclerewards_recyclerewardsUITests.framework in Frameworks */ = {isa = PBXBuildFile; fileRef = A3F7D229864DBF422E8ADAA4 /* Pods_recyclerewards_recyclerewardsUITests.framework */; };
		A610937A23F76AD300C422EB /* Pods_recyclerewards.framework in Frameworks */ = {isa = PBXBuildFile; fileRef = 8D30DCAA27A1CF725F14BC21 /* Pods_recyclerewards.framework */; };
		A610938023F7784E00C422EB /* CameraViewController.swift in Sources */ = {isa = PBXBuildFile; fileRef = A610937F23F7784E00C422EB /* CameraViewController.swift */; };
		A685C92B23F7555E00CCA79A /* AppDelegate.swift in Sources */ = {isa = PBXBuildFile; fileRef = A685C92A23F7555E00CCA79A /* AppDelegate.swift */; };
		A685C92D23F7555E00CCA79A /* SceneDelegate.swift in Sources */ = {isa = PBXBuildFile; fileRef = A685C92C23F7555E00CCA79A /* SceneDelegate.swift */; };
		A685C92F23F7555E00CCA79A /* ViewController.swift in Sources */ = {isa = PBXBuildFile; fileRef = A685C92E23F7555E00CCA79A /* ViewController.swift */; };
		A685C93223F7555E00CCA79A /* Main.storyboard in Resources */ = {isa = PBXBuildFile; fileRef = A685C93023F7555E00CCA79A /* Main.storyboard */; };
		A685C93423F7556000CCA79A /* Assets.xcassets in Resources */ = {isa = PBXBuildFile; fileRef = A685C93323F7556000CCA79A /* Assets.xcassets */; };
		A685C93723F7556000CCA79A /* LaunchScreen.storyboard in Resources */ = {isa = PBXBuildFile; fileRef = A685C93523F7556000CCA79A /* LaunchScreen.storyboard */; };
		A685C94223F7556000CCA79A /* recyclerewardsTests.swift in Sources */ = {isa = PBXBuildFile; fileRef = A685C94123F7556000CCA79A /* recyclerewardsTests.swift */; };
		A685C94D23F7556000CCA79A /* recyclerewardsUITests.swift in Sources */ = {isa = PBXBuildFile; fileRef = A685C94C23F7556000CCA79A /* recyclerewardsUITests.swift */; };
		A685C95B23F75D3600CCA79A /* LoginViewController.swift in Sources */ = {isa = PBXBuildFile; fileRef = A685C95A23F75D3600CCA79A /* LoginViewController.swift */; };
		A685C95D23F75D5E00CCA79A /* StartViewController.swift in Sources */ = {isa = PBXBuildFile; fileRef = A685C95C23F75D5E00CCA79A /* StartViewController.swift */; };
		A685C95F23F75D6B00CCA79A /* SignupViewController.swift in Sources */ = {isa = PBXBuildFile; fileRef = A685C95E23F75D6B00CCA79A /* SignupViewController.swift */; };
		A685C96123F75D7600CCA79A /* HomeViewController.swift in Sources */ = {isa = PBXBuildFile; fileRef = A685C96023F75D7600CCA79A /* HomeViewController.swift */; };
		A685C96323F75F9500CCA79A /* GoogleService-Info.plist in Resources */ = {isa = PBXBuildFile; fileRef = A685C96223F75F9500CCA79A /* GoogleService-Info.plist */; };
		B255631C3342A4ADD5385C89 /* Pods_recyclerewardsTests.framework in Frameworks */ = {isa = PBXBuildFile; fileRef = 140505059E783C9F2295A59C /* Pods_recyclerewardsTests.framework */; };
/* End PBXBuildFile section */

/* Begin PBXContainerItemProxy section */
		A685C93E23F7556000CCA79A /* PBXContainerItemProxy */ = {
			isa = PBXContainerItemProxy;
			containerPortal = A685C91F23F7555E00CCA79A /* Project object */;
			proxyType = 1;
			remoteGlobalIDString = A685C92623F7555E00CCA79A;
			remoteInfo = recyclerewards;
		};
		A685C94923F7556000CCA79A /* PBXContainerItemProxy */ = {
			isa = PBXContainerItemProxy;
			containerPortal = A685C91F23F7555E00CCA79A /* Project object */;
			proxyType = 1;
			remoteGlobalIDString = A685C92623F7555E00CCA79A;
			remoteInfo = recyclerewards;
		};
/* End PBXContainerItemProxy section */

/* Begin PBXFileReference section */
		0BECF6FC8E8569EE3E9AD590 /* Pods-recyclerewards.debug.xcconfig */ = {isa = PBXFileReference; includeInIndex = 1; lastKnownFileType = text.xcconfig; name = "Pods-recyclerewards.debug.xcconfig"; path = "Target Support Files/Pods-recyclerewards/Pods-recyclerewards.debug.xcconfig"; sourceTree = "<group>"; };
		140505059E783C9F2295A59C /* Pods_recyclerewardsTests.framework */ = {isa = PBXFileReference; explicitFileType = wrapper.framework; includeInIndex = 0; path = Pods_recyclerewardsTests.framework; sourceTree = BUILT_PRODUCTS_DIR; };
		22A46B7D9B3B72BDBF2A136E /* Pods-recyclerewards-recyclerewardsUITests.release.xcconfig */ = {isa = PBXFileReference; includeInIndex = 1; lastKnownFileType = text.xcconfig; name = "Pods-recyclerewards-recyclerewardsUITests.release.xcconfig"; path = "Target Support Files/Pods-recyclerewards-recyclerewardsUITests/Pods-recyclerewards-recyclerewardsUITests.release.xcconfig"; sourceTree = "<group>"; };
		8D30DCAA27A1CF725F14BC21 /* Pods_recyclerewards.framework */ = {isa = PBXFileReference; explicitFileType = wrapper.framework; includeInIndex = 0; path = Pods_recyclerewards.framework; sourceTree = BUILT_PRODUCTS_DIR; };
		8FB33C0F4BD93656491D9DBB /* Pods-recyclerewards-recyclerewardsUITests.debug.xcconfig */ = {isa = PBXFileReference; includeInIndex = 1; lastKnownFileType = text.xcconfig; name = "Pods-recyclerewards-recyclerewardsUITests.debug.xcconfig"; path = "Target Support Files/Pods-recyclerewards-recyclerewardsUITests/Pods-recyclerewards-recyclerewardsUITests.debug.xcconfig"; sourceTree = "<group>"; };
		A39913770E501183AF304C55 /* Pods-recyclerewardsTests.debug.xcconfig */ = {isa = PBXFileReference; includeInIndex = 1; lastKnownFileType = text.xcconfig; name = "Pods-recyclerewardsTests.debug.xcconfig"; path = "Target Support Files/Pods-recyclerewardsTests/Pods-recyclerewardsTests.debug.xcconfig"; sourceTree = "<group>"; };
		A3F7D229864DBF422E8ADAA4 /* Pods_recyclerewards_recyclerewardsUITests.framework */ = {isa = PBXFileReference; explicitFileType = wrapper.framework; includeInIndex = 0; path = Pods_recyclerewards_recyclerewardsUITests.framework; sourceTree = BUILT_PRODUCTS_DIR; };
		A610937D23F76D1D00C422EB /* GTMSessionFetcher.framework */ = {isa = PBXFileReference; explicitFileType = wrapper.framework; path = GTMSessionFetcher.framework; sourceTree = BUILT_PRODUCTS_DIR; };
		A610937F23F7784E00C422EB /* CameraViewController.swift */ = {isa = PBXFileReference; lastKnownFileType = sourcecode.swift; path = CameraViewController.swift; sourceTree = "<group>"; };
		A685C92723F7555E00CCA79A /* recyclerewards.app */ = {isa = PBXFileReference; explicitFileType = wrapper.application; includeInIndex = 0; path = recyclerewards.app; sourceTree = BUILT_PRODUCTS_DIR; };
		A685C92A23F7555E00CCA79A /* AppDelegate.swift */ = {isa = PBXFileReference; lastKnownFileType = sourcecode.swift; path = AppDelegate.swift; sourceTree = "<group>"; };
		A685C92C23F7555E00CCA79A /* SceneDelegate.swift */ = {isa = PBXFileReference; lastKnownFileType = sourcecode.swift; path = SceneDelegate.swift; sourceTree = "<group>"; };
		A685C92E23F7555E00CCA79A /* ViewController.swift */ = {isa = PBXFileReference; lastKnownFileType = sourcecode.swift; path = ViewController.swift; sourceTree = "<group>"; };
		A685C93123F7555E00CCA79A /* Base */ = {isa = PBXFileReference; lastKnownFileType = file.storyboard; name = Base; path = Base.lproj/Main.storyboard; sourceTree = "<group>"; };
		A685C93323F7556000CCA79A /* Assets.xcassets */ = {isa = PBXFileReference; lastKnownFileType = folder.assetcatalog; path = Assets.xcassets; sourceTree = "<group>"; };
		A685C93623F7556000CCA79A /* Base */ = {isa = PBXFileReference; lastKnownFileType = file.storyboard; name = Base; path = Base.lproj/LaunchScreen.storyboard; sourceTree = "<group>"; };
		A685C93823F7556000CCA79A /* Info.plist */ = {isa = PBXFileReference; lastKnownFileType = text.plist.xml; path = Info.plist; sourceTree = "<group>"; };
		A685C93D23F7556000CCA79A /* recyclerewardsTests.xctest */ = {isa = PBXFileReference; explicitFileType = wrapper.cfbundle; includeInIndex = 0; path = recyclerewardsTests.xctest; sourceTree = BUILT_PRODUCTS_DIR; };
		A685C94123F7556000CCA79A /* recyclerewardsTests.swift */ = {isa = PBXFileReference; lastKnownFileType = sourcecode.swift; path = recyclerewardsTests.swift; sourceTree = "<group>"; };
		A685C94323F7556000CCA79A /* Info.plist */ = {isa = PBXFileReference; lastKnownFileType = text.plist.xml; path = Info.plist; sourceTree = "<group>"; };
		A685C94823F7556000CCA79A /* recyclerewardsUITests.xctest */ = {isa = PBXFileReference; explicitFileType = wrapper.cfbundle; includeInIndex = 0; path = recyclerewardsUITests.xctest; sourceTree = BUILT_PRODUCTS_DIR; };
		A685C94C23F7556000CCA79A /* recyclerewardsUITests.swift */ = {isa = PBXFileReference; lastKnownFileType = sourcecode.swift; path = recyclerewardsUITests.swift; sourceTree = "<group>"; };
		A685C94E23F7556000CCA79A /* Info.plist */ = {isa = PBXFileReference; lastKnownFileType = text.plist.xml; path = Info.plist; sourceTree = "<group>"; };
		A685C95A23F75D3600CCA79A /* LoginViewController.swift */ = {isa = PBXFileReference; lastKnownFileType = sourcecode.swift; path = LoginViewController.swift; sourceTree = "<group>"; };
		A685C95C23F75D5E00CCA79A /* StartViewController.swift */ = {isa = PBXFileReference; lastKnownFileType = sourcecode.swift; path = StartViewController.swift; sourceTree = "<group>"; };
		A685C95E23F75D6B00CCA79A /* SignupViewController.swift */ = {isa = PBXFileReference; lastKnownFileType = sourcecode.swift; path = SignupViewController.swift; sourceTree = "<group>"; };
		A685C96023F75D7600CCA79A /* HomeViewController.swift */ = {isa = PBXFileReference; lastKnownFileType = sourcecode.swift; path = HomeViewController.swift; sourceTree = "<group>"; };
		A685C96223F75F9500CCA79A /* GoogleService-Info.plist */ = {isa = PBXFileReference; fileEncoding = 4; lastKnownFileType = text.plist.xml; path = "GoogleService-Info.plist"; sourceTree = "<group>"; };
		C28E3E2803FFD21E7D08D09D /* Pods-recyclerewardsTests.release.xcconfig */ = {isa = PBXFileReference; includeInIndex = 1; lastKnownFileType = text.xcconfig; name = "Pods-recyclerewardsTests.release.xcconfig"; path = "Target Support Files/Pods-recyclerewardsTests/Pods-recyclerewardsTests.release.xcconfig"; sourceTree = "<group>"; };
		DBE17E4382AB93DBEFAA610B /* Pods-recyclerewards.release.xcconfig */ = {isa = PBXFileReference; includeInIndex = 1; lastKnownFileType = text.xcconfig; name = "Pods-recyclerewards.release.xcconfig"; path = "Target Support Files/Pods-recyclerewards/Pods-recyclerewards.release.xcconfig"; sourceTree = "<group>"; };
/* End PBXFileReference section */

/* Begin PBXFrameworksBuildPhase section */
		A685C92423F7555E00CCA79A /* Frameworks */ = {
			isa = PBXFrameworksBuildPhase;
			buildActionMask = 2147483647;
			files = (
				A610937A23F76AD300C422EB /* Pods_recyclerewards.framework in Frameworks */,
			);
			runOnlyForDeploymentPostprocessing = 0;
		};
		A685C93A23F7556000CCA79A /* Frameworks */ = {
			isa = PBXFrameworksBuildPhase;
			buildActionMask = 2147483647;
			files = (
				B255631C3342A4ADD5385C89 /* Pods_recyclerewardsTests.framework in Frameworks */,
			);
			runOnlyForDeploymentPostprocessing = 0;
		};
		A685C94523F7556000CCA79A /* Frameworks */ = {
			isa = PBXFrameworksBuildPhase;
			buildActionMask = 2147483647;
			files = (
				5E9AA8AA91EAC89A69BC3705 /* Pods_recyclerewards_recyclerewardsUITests.framework in Frameworks */,
			);
			runOnlyForDeploymentPostprocessing = 0;
		};
/* End PBXFrameworksBuildPhase section */

/* Begin PBXGroup section */
		0B31CE7CC19418ACA29D0362 /* Frameworks */ = {
			isa = PBXGroup;
			children = (
				A610937D23F76D1D00C422EB /* GTMSessionFetcher.framework */,
				8D30DCAA27A1CF725F14BC21 /* Pods_recyclerewards.framework */,
				A3F7D229864DBF422E8ADAA4 /* Pods_recyclerewards_recyclerewardsUITests.framework */,
				140505059E783C9F2295A59C /* Pods_recyclerewardsTests.framework */,
			);
			name = Frameworks;
			sourceTree = "<group>";
		};
		4F2981C5D36587F9949C8EB8 /* Pods */ = {
			isa = PBXGroup;
			children = (
				0BECF6FC8E8569EE3E9AD590 /* Pods-recyclerewards.debug.xcconfig */,
				DBE17E4382AB93DBEFAA610B /* Pods-recyclerewards.release.xcconfig */,
				8FB33C0F4BD93656491D9DBB /* Pods-recyclerewards-recyclerewardsUITests.debug.xcconfig */,
				22A46B7D9B3B72BDBF2A136E /* Pods-recyclerewards-recyclerewardsUITests.release.xcconfig */,
				A39913770E501183AF304C55 /* Pods-recyclerewardsTests.debug.xcconfig */,
				C28E3E2803FFD21E7D08D09D /* Pods-recyclerewardsTests.release.xcconfig */,
			);
			path = Pods;
			sourceTree = "<group>";
		};
		A685C91E23F7555E00CCA79A = {
			isa = PBXGroup;
			children = (
				A685C92923F7555E00CCA79A /* recyclerewards */,
				A685C94023F7556000CCA79A /* recyclerewardsTests */,
				A685C94B23F7556000CCA79A /* recyclerewardsUITests */,
				A685C92823F7555E00CCA79A /* Products */,
				4F2981C5D36587F9949C8EB8 /* Pods */,
				0B31CE7CC19418ACA29D0362 /* Frameworks */,
			);
			sourceTree = "<group>";
		};
		A685C92823F7555E00CCA79A /* Products */ = {
			isa = PBXGroup;
			children = (
				A685C92723F7555E00CCA79A /* recyclerewards.app */,
				A685C93D23F7556000CCA79A /* recyclerewardsTests.xctest */,
				A685C94823F7556000CCA79A /* recyclerewardsUITests.xctest */,
			);
			name = Products;
			sourceTree = "<group>";
		};
		A685C92923F7555E00CCA79A /* recyclerewards */ = {
			isa = PBXGroup;
			children = (
				A685C96223F75F9500CCA79A /* GoogleService-Info.plist */,
				A685C92A23F7555E00CCA79A /* AppDelegate.swift */,
				A685C92C23F7555E00CCA79A /* SceneDelegate.swift */,
				A685C92E23F7555E00CCA79A /* ViewController.swift */,
				A685C93023F7555E00CCA79A /* Main.storyboard */,
				A685C95C23F75D5E00CCA79A /* StartViewController.swift */,
				A685C95E23F75D6B00CCA79A /* SignupViewController.swift */,
				A685C96023F75D7600CCA79A /* HomeViewController.swift */,
				A685C95A23F75D3600CCA79A /* LoginViewController.swift */,
				A685C93323F7556000CCA79A /* Assets.xcassets */,
				A685C93523F7556000CCA79A /* LaunchScreen.storyboard */,
				A685C93823F7556000CCA79A /* Info.plist */,
				A610937F23F7784E00C422EB /* CameraViewController.swift */,
			);
			path = recyclerewards;
			sourceTree = "<group>";
		};
		A685C94023F7556000CCA79A /* recyclerewardsTests */ = {
			isa = PBXGroup;
			children = (
				A685C94123F7556000CCA79A /* recyclerewardsTests.swift */,
				A685C94323F7556000CCA79A /* Info.plist */,
			);
			path = recyclerewardsTests;
			sourceTree = "<group>";
		};
		A685C94B23F7556000CCA79A /* recyclerewardsUITests */ = {
			isa = PBXGroup;
			children = (
				A685C94C23F7556000CCA79A /* recyclerewardsUITests.swift */,
				A685C94E23F7556000CCA79A /* Info.plist */,
			);
			path = recyclerewardsUITests;
			sourceTree = "<group>";
		};
/* End PBXGroup section */

/* Begin PBXNativeTarget section */
		A685C92623F7555E00CCA79A /* recyclerewards */ = {
			isa = PBXNativeTarget;
			buildConfigurationList = A685C95123F7556000CCA79A /* Build configuration list for PBXNativeTarget "recyclerewards" */;
			buildPhases = (
				4B697DF620A83993FBD46C6B /* [CP] Check Pods Manifest.lock */,
				A685C92323F7555E00CCA79A /* Sources */,
				A685C92423F7555E00CCA79A /* Frameworks */,
				A685C92523F7555E00CCA79A /* Resources */,
				4A0EB69C1EF4C1129038B4E0 /* [CP] Embed Pods Frameworks */,
			);
			buildRules = (
			);
			dependencies = (
			);
			name = recyclerewards;
			productName = recyclerewards;
			productReference = A685C92723F7555E00CCA79A /* recyclerewards.app */;
			productType = "com.apple.product-type.application";
		};
		A685C93C23F7556000CCA79A /* recyclerewardsTests */ = {
			isa = PBXNativeTarget;
			buildConfigurationList = A685C95423F7556000CCA79A /* Build configuration list for PBXNativeTarget "recyclerewardsTests" */;
			buildPhases = (
				C2D494FAABB777C959E0A60B /* [CP] Check Pods Manifest.lock */,
				A685C93923F7556000CCA79A /* Sources */,
				A685C93A23F7556000CCA79A /* Frameworks */,
				A685C93B23F7556000CCA79A /* Resources */,
			);
			buildRules = (
			);
			dependencies = (
				A685C93F23F7556000CCA79A /* PBXTargetDependency */,
			);
			name = recyclerewardsTests;
			productName = recyclerewardsTests;
			productReference = A685C93D23F7556000CCA79A /* recyclerewardsTests.xctest */;
			productType = "com.apple.product-type.bundle.unit-test";
		};
		A685C94723F7556000CCA79A /* recyclerewardsUITests */ = {
			isa = PBXNativeTarget;
			buildConfigurationList = A685C95723F7556000CCA79A /* Build configuration list for PBXNativeTarget "recyclerewardsUITests" */;
			buildPhases = (
				0E8C072CAA14AD6BDD092B78 /* [CP] Check Pods Manifest.lock */,
				A685C94423F7556000CCA79A /* Sources */,
				A685C94523F7556000CCA79A /* Frameworks */,
				A685C94623F7556000CCA79A /* Resources */,
				6AA1F1D688E3868DDCF26E7E /* [CP] Embed Pods Frameworks */,
			);
			buildRules = (
			);
			dependencies = (
				A685C94A23F7556000CCA79A /* PBXTargetDependency */,
			);
			name = recyclerewardsUITests;
			productName = recyclerewardsUITests;
			productReference = A685C94823F7556000CCA79A /* recyclerewardsUITests.xctest */;
			productType = "com.apple.product-type.bundle.ui-testing";
		};
/* End PBXNativeTarget section */

/* Begin PBXProject section */
		A685C91F23F7555E00CCA79A /* Project object */ = {
			isa = PBXProject;
			attributes = {
				LastSwiftUpdateCheck = 1130;
				LastUpgradeCheck = 1130;
				ORGANIZATIONNAME = "Tyler Comisky";
				TargetAttributes = {
					A685C92623F7555E00CCA79A = {
						CreatedOnToolsVersion = 11.3.1;
					};
					A685C93C23F7556000CCA79A = {
						CreatedOnToolsVersion = 11.3.1;
						TestTargetID = A685C92623F7555E00CCA79A;
					};
					A685C94723F7556000CCA79A = {
						CreatedOnToolsVersion = 11.3.1;
						TestTargetID = A685C92623F7555E00CCA79A;
					};
				};
			};
			buildConfigurationList = A685C92223F7555E00CCA79A /* Build configuration list for PBXProject "recyclerewards" */;
			compatibilityVersion = "Xcode 9.3";
			developmentRegion = en;
			hasScannedForEncodings = 0;
			knownRegions = (
				en,
				Base,
			);
			mainGroup = A685C91E23F7555E00CCA79A;
			productRefGroup = A685C92823F7555E00CCA79A /* Products */;
			projectDirPath = "";
			projectRoot = "";
			targets = (
				A685C92623F7555E00CCA79A /* recyclerewards */,
				A685C93C23F7556000CCA79A /* recyclerewardsTests */,
				A685C94723F7556000CCA79A /* recyclerewardsUITests */,
			);
		};
/* End PBXProject section */

/* Begin PBXResourcesBuildPhase section */
		A685C92523F7555E00CCA79A /* Resources */ = {
			isa = PBXResourcesBuildPhase;
			buildActionMask = 2147483647;
			files = (
				A685C93723F7556000CCA79A /* LaunchScreen.storyboard in Resources */,
				A685C96323F75F9500CCA79A /* GoogleService-Info.plist in Resources */,
				A685C93423F7556000CCA79A /* Assets.xcassets in Resources */,
				A685C93223F7555E00CCA79A /* Main.storyboard in Resources */,
			);
			runOnlyForDeploymentPostprocessing = 0;
		};
		A685C93B23F7556000CCA79A /* Resources */ = {
			isa = PBXResourcesBuildPhase;
			buildActionMask = 2147483647;
			files = (
			);
			runOnlyForDeploymentPostprocessing = 0;
		};
		A685C94623F7556000CCA79A /* Resources */ = {
			isa = PBXResourcesBuildPhase;
			buildActionMask = 2147483647;
			files = (
			);
			runOnlyForDeploymentPostprocessing = 0;
		};
/* End PBXResourcesBuildPhase section */

/* Begin PBXShellScriptBuildPhase section */
		0E8C072CAA14AD6BDD092B78 /* [CP] Check Pods Manifest.lock */ = {
			isa = PBXShellScriptBuildPhase;
			buildActionMask = 2147483647;
			files = (
			);
			inputFileListPaths = (
			);
			inputPaths = (
				"${PODS_PODFILE_DIR_PATH}/Podfile.lock",
				"${PODS_ROOT}/Manifest.lock",
			);
			name = "[CP] Check Pods Manifest.lock";
			outputFileListPaths = (
			);
			outputPaths = (
				"$(DERIVED_FILE_DIR)/Pods-recyclerewards-recyclerewardsUITests-checkManifestLockResult.txt",
			);
			runOnlyForDeploymentPostprocessing = 0;
			shellPath = /bin/sh;
			shellScript = "diff \"${PODS_PODFILE_DIR_PATH}/Podfile.lock\" \"${PODS_ROOT}/Manifest.lock\" > /dev/null\nif [ $? != 0 ] ; then\n    # print error to STDERR\n    echo \"error: The sandbox is not in sync with the Podfile.lock. Run 'pod install' or update your CocoaPods installation.\" >&2\n    exit 1\nfi\n# This output is used by Xcode 'outputs' to avoid re-running this script phase.\necho \"SUCCESS\" > \"${SCRIPT_OUTPUT_FILE_0}\"\n";
			showEnvVarsInLog = 0;
		};
		4A0EB69C1EF4C1129038B4E0 /* [CP] Embed Pods Frameworks */ = {
			isa = PBXShellScriptBuildPhase;
			buildActionMask = 2147483647;
			files = (
			);
			inputFileListPaths = (
				"${PODS_ROOT}/Target Support Files/Pods-recyclerewards/Pods-recyclerewards-frameworks-${CONFIGURATION}-input-files.xcfilelist",
			);
			name = "[CP] Embed Pods Frameworks";
			outputFileListPaths = (
				"${PODS_ROOT}/Target Support Files/Pods-recyclerewards/Pods-recyclerewards-frameworks-${CONFIGURATION}-output-files.xcfilelist",
			);
			runOnlyForDeploymentPostprocessing = 0;
			shellPath = /bin/sh;
			shellScript = "\"${PODS_ROOT}/Target Support Files/Pods-recyclerewards/Pods-recyclerewards-frameworks.sh\"\n";
			showEnvVarsInLog = 0;
		};
		4B697DF620A83993FBD46C6B /* [CP] Check Pods Manifest.lock */ = {
			isa = PBXShellScriptBuildPhase;
			buildActionMask = 2147483647;
			files = (
			);
			inputFileListPaths = (
			);
			inputPaths = (
				"${PODS_PODFILE_DIR_PATH}/Podfile.lock",
				"${PODS_ROOT}/Manifest.lock",
			);
			name = "[CP] Check Pods Manifest.lock";
			outputFileListPaths = (
			);
			outputPaths = (
				"$(DERIVED_FILE_DIR)/Pods-recyclerewards-checkManifestLockResult.txt",
			);
			runOnlyForDeploymentPostprocessing = 0;
			shellPath = /bin/sh;
			shellScript = "diff \"${PODS_PODFILE_DIR_PATH}/Podfile.lock\" \"${PODS_ROOT}/Manifest.lock\" > /dev/null\nif [ $? != 0 ] ; then\n    # print error to STDERR\n    echo \"error: The sandbox is not in sync with the Podfile.lock. Run 'pod install' or update your CocoaPods installation.\" >&2\n    exit 1\nfi\n# This output is used by Xcode 'outputs' to avoid re-running this script phase.\necho \"SUCCESS\" > \"${SCRIPT_OUTPUT_FILE_0}\"\n";
			showEnvVarsInLog = 0;
		};
		6AA1F1D688E3868DDCF26E7E /* [CP] Embed Pods Frameworks */ = {
			isa = PBXShellScriptBuildPhase;
			buildActionMask = 2147483647;
			files = (
			);
			inputFileListPaths = (
				"${PODS_ROOT}/Target Support Files/Pods-recyclerewards-recyclerewardsUITests/Pods-recyclerewards-recyclerewardsUITests-frameworks-${CONFIGURATION}-input-files.xcfilelist",
			);
			name = "[CP] Embed Pods Frameworks";
			outputFileListPaths = (
				"${PODS_ROOT}/Target Support Files/Pods-recyclerewards-recyclerewardsUITests/Pods-recyclerewards-recyclerewardsUITests-frameworks-${CONFIGURATION}-output-files.xcfilelist",
			);
			runOnlyForDeploymentPostprocessing = 0;
			shellPath = /bin/sh;
			shellScript = "\"${PODS_ROOT}/Target Support Files/Pods-recyclerewards-recyclerewardsUITests/Pods-recyclerewards-recyclerewardsUITests-frameworks.sh\"\n";
			showEnvVarsInLog = 0;
		};
		C2D494FAABB777C959E0A60B /* [CP] Check Pods Manifest.lock */ = {
			isa = PBXShellScriptBuildPhase;
			buildActionMask = 2147483647;
			files = (
			);
			inputFileListPaths = (
			);
			inputPaths = (
				"${PODS_PODFILE_DIR_PATH}/Podfile.lock",
				"${PODS_ROOT}/Manifest.lock",
			);
			name = "[CP] Check Pods Manifest.lock";
			outputFileListPaths = (
			);
			outputPaths = (
				"$(DERIVED_FILE_DIR)/Pods-recyclerewardsTests-checkManifestLockResult.txt",
			);
			runOnlyForDeploymentPostprocessing = 0;
			shellPath = /bin/sh;
			shellScript = "diff \"${PODS_PODFILE_DIR_PATH}/Podfile.lock\" \"${PODS_ROOT}/Manifest.lock\" > /dev/null\nif [ $? != 0 ] ; then\n    # print error to STDERR\n    echo \"error: The sandbox is not in sync with the Podfile.lock. Run 'pod install' or update your CocoaPods installation.\" >&2\n    exit 1\nfi\n# This output is used by Xcode 'outputs' to avoid re-running this script phase.\necho \"SUCCESS\" > \"${SCRIPT_OUTPUT_FILE_0}\"\n";
			showEnvVarsInLog = 0;
		};
/* End PBXShellScriptBuildPhase section */

/* Begin PBXSourcesBuildPhase section */
		A685C92323F7555E00CCA79A /* Sources */ = {
			isa = PBXSourcesBuildPhase;
			buildActionMask = 2147483647;
			files = (
				A685C95F23F75D6B00CCA79A /* SignupViewController.swift in Sources */,
				A685C95D23F75D5E00CCA79A /* StartViewController.swift in Sources */,
				A685C95B23F75D3600CCA79A /* LoginViewController.swift in Sources */,
				A685C92F23F7555E00CCA79A /* ViewController.swift in Sources */,
				A685C92B23F7555E00CCA79A /* AppDelegate.swift in Sources */,
				A610938023F7784E00C422EB /* CameraViewController.swift in Sources */,
				A685C96123F75D7600CCA79A /* HomeViewController.swift in Sources */,
				A685C92D23F7555E00CCA79A /* SceneDelegate.swift in Sources */,
			);
			runOnlyForDeploymentPostprocessing = 0;
		};
		A685C93923F7556000CCA79A /* Sources */ = {
			isa = PBXSourcesBuildPhase;
			buildActionMask = 2147483647;
			files = (
				A685C94223F7556000CCA79A /* recyclerewardsTests.swift in Sources */,
			);
			runOnlyForDeploymentPostprocessing = 0;
		};
		A685C94423F7556000CCA79A /* Sources */ = {
			isa = PBXSourcesBuildPhase;
			buildActionMask = 2147483647;
			files = (
				A685C94D23F7556000CCA79A /* recyclerewardsUITests.swift in Sources */,
			);
			runOnlyForDeploymentPostprocessing = 0;
		};
/* End PBXSourcesBuildPhase section */

/* Begin PBXTargetDependency section */
		A685C93F23F7556000CCA79A /* PBXTargetDependency */ = {
			isa = PBXTargetDependency;
			target = A685C92623F7555E00CCA79A /* recyclerewards */;
			targetProxy = A685C93E23F7556000CCA79A /* PBXContainerItemProxy */;
		};
		A685C94A23F7556000CCA79A /* PBXTargetDependency */ = {
			isa = PBXTargetDependency;
			target = A685C92623F7555E00CCA79A /* recyclerewards */;
			targetProxy = A685C94923F7556000CCA79A /* PBXContainerItemProxy */;
		};
/* End PBXTargetDependency section */

/* Begin PBXVariantGroup section */
		A685C93023F7555E00CCA79A /* Main.storyboard */ = {
			isa = PBXVariantGroup;
			children = (
				A685C93123F7555E00CCA79A /* Base */,
			);
			name = Main.storyboard;
			sourceTree = "<group>";
		};
		A685C93523F7556000CCA79A /* LaunchScreen.storyboard */ = {
			isa = PBXVariantGroup;
			children = (
				A685C93623F7556000CCA79A /* Base */,
			);
			name = LaunchScreen.storyboard;
			sourceTree = "<group>";
		};
/* End PBXVariantGroup section */

/* Begin XCBuildConfiguration section */
		A685C94F23F7556000CCA79A /* Debug */ = {
			isa = XCBuildConfiguration;
			buildSettings = {
				ALWAYS_SEARCH_USER_PATHS = NO;
				CLANG_ANALYZER_NONNULL = YES;
				CLANG_ANALYZER_NUMBER_OBJECT_CONVERSION = YES_AGGRESSIVE;
				CLANG_CXX_LANGUAGE_STANDARD = "gnu++14";
				CLANG_CXX_LIBRARY = "libc++";
				CLANG_ENABLE_MODULES = YES;
				CLANG_ENABLE_OBJC_ARC = YES;
				CLANG_ENABLE_OBJC_WEAK = YES;
				CLANG_WARN_BLOCK_CAPTURE_AUTORELEASING = YES;
				CLANG_WARN_BOOL_CONVERSION = YES;
				CLANG_WARN_COMMA = YES;
				CLANG_WARN_CONSTANT_CONVERSION = YES;
				CLANG_WARN_DEPRECATED_OBJC_IMPLEMENTATIONS = YES;
				CLANG_WARN_DIRECT_OBJC_ISA_USAGE = YES_ERROR;
				CLANG_WARN_DOCUMENTATION_COMMENTS = YES;
				CLANG_WARN_EMPTY_BODY = YES;
				CLANG_WARN_ENUM_CONVERSION = YES;
				CLANG_WARN_INFINITE_RECURSION = YES;
				CLANG_WARN_INT_CONVERSION = YES;
				CLANG_WARN_NON_LITERAL_NULL_CONVERSION = YES;
				CLANG_WARN_OBJC_IMPLICIT_RETAIN_SELF = YES;
				CLANG_WARN_OBJC_LITERAL_CONVERSION = YES;
				CLANG_WARN_OBJC_ROOT_CLASS = YES_ERROR;
				CLANG_WARN_RANGE_LOOP_ANALYSIS = YES;
				CLANG_WARN_STRICT_PROTOTYPES = YES;
				CLANG_WARN_SUSPICIOUS_MOVE = YES;
				CLANG_WARN_UNGUARDED_AVAILABILITY = YES_AGGRESSIVE;
				CLANG_WARN_UNREACHABLE_CODE = YES;
				CLANG_WARN__DUPLICATE_METHOD_MATCH = YES;
				COPY_PHASE_STRIP = NO;
				DEBUG_INFORMATION_FORMAT = dwarf;
				ENABLE_STRICT_OBJC_MSGSEND = YES;
				ENABLE_TESTABILITY = YES;
				GCC_C_LANGUAGE_STANDARD = gnu11;
				GCC_DYNAMIC_NO_PIC = NO;
				GCC_NO_COMMON_BLOCKS = YES;
				GCC_OPTIMIZATION_LEVEL = 0;
				GCC_PREPROCESSOR_DEFINITIONS = (
					"DEBUG=1",
					"$(inherited)",
				);
				GCC_WARN_64_TO_32_BIT_CONVERSION = YES;
				GCC_WARN_ABOUT_RETURN_TYPE = YES_ERROR;
				GCC_WARN_UNDECLARED_SELECTOR = YES;
				GCC_WARN_UNINITIALIZED_AUTOS = YES_AGGRESSIVE;
				GCC_WARN_UNUSED_FUNCTION = YES;
				GCC_WARN_UNUSED_VARIABLE = YES;
				IPHONEOS_DEPLOYMENT_TARGET = 13.2;
				MTL_ENABLE_DEBUG_INFO = INCLUDE_SOURCE;
				MTL_FAST_MATH = YES;
				ONLY_ACTIVE_ARCH = YES;
				SDKROOT = iphoneos;
				SWIFT_ACTIVE_COMPILATION_CONDITIONS = DEBUG;
				SWIFT_OPTIMIZATION_LEVEL = "-Onone";
			};
			name = Debug;
		};
		A685C95023F7556000CCA79A /* Release */ = {
			isa = XCBuildConfiguration;
			buildSettings = {
				ALWAYS_SEARCH_USER_PATHS = NO;
				CLANG_ANALYZER_NONNULL = YES;
				CLANG_ANALYZER_NUMBER_OBJECT_CONVERSION = YES_AGGRESSIVE;
				CLANG_CXX_LANGUAGE_STANDARD = "gnu++14";
				CLANG_CXX_LIBRARY = "libc++";
				CLANG_ENABLE_MODULES = YES;
				CLANG_ENABLE_OBJC_ARC = YES;
				CLANG_ENABLE_OBJC_WEAK = YES;
				CLANG_WARN_BLOCK_CAPTURE_AUTORELEASING = YES;
				CLANG_WARN_BOOL_CONVERSION = YES;
				CLANG_WARN_COMMA = YES;
				CLANG_WARN_CONSTANT_CONVERSION = YES;
				CLANG_WARN_DEPRECATED_OBJC_IMPLEMENTATIONS = YES;
				CLANG_WARN_DIRECT_OBJC_ISA_USAGE = YES_ERROR;
				CLANG_WARN_DOCUMENTATION_COMMENTS = YES;
				CLANG_WARN_EMPTY_BODY = YES;
				CLANG_WARN_ENUM_CONVERSION = YES;
				CLANG_WARN_INFINITE_RECURSION = YES;
				CLANG_WARN_INT_CONVERSION = YES;
				CLANG_WARN_NON_LITERAL_NULL_CONVERSION = YES;
				CLANG_WARN_OBJC_IMPLICIT_RETAIN_SELF = YES;
				CLANG_WARN_OBJC_LITERAL_CONVERSION = YES;
				CLANG_WARN_OBJC_ROOT_CLASS = YES_ERROR;
				CLANG_WARN_RANGE_LOOP_ANALYSIS = YES;
				CLANG_WARN_STRICT_PROTOTYPES = YES;
				CLANG_WARN_SUSPICIOUS_MOVE = YES;
				CLANG_WARN_UNGUARDED_AVAILABILITY = YES_AGGRESSIVE;
				CLANG_WARN_UNREACHABLE_CODE = YES;
				CLANG_WARN__DUPLICATE_METHOD_MATCH = YES;
				COPY_PHASE_STRIP = NO;
				DEBUG_INFORMATION_FORMAT = "dwarf-with-dsym";
				ENABLE_NS_ASSERTIONS = NO;
				ENABLE_STRICT_OBJC_MSGSEND = YES;
				GCC_C_LANGUAGE_STANDARD = gnu11;
				GCC_NO_COMMON_BLOCKS = YES;
				GCC_WARN_64_TO_32_BIT_CONVERSION = YES;
				GCC_WARN_ABOUT_RETURN_TYPE = YES_ERROR;
				GCC_WARN_UNDECLARED_SELECTOR = YES;
				GCC_WARN_UNINITIALIZED_AUTOS = YES_AGGRESSIVE;
				GCC_WARN_UNUSED_FUNCTION = YES;
				GCC_WARN_UNUSED_VARIABLE = YES;
				IPHONEOS_DEPLOYMENT_TARGET = 13.2;
				MTL_ENABLE_DEBUG_INFO = NO;
				MTL_FAST_MATH = YES;
				SDKROOT = iphoneos;
				SWIFT_COMPILATION_MODE = wholemodule;
				SWIFT_OPTIMIZATION_LEVEL = "-O";
				VALIDATE_PRODUCT = YES;
			};
			name = Release;
		};
		A685C95223F7556000CCA79A /* Debug */ = {
			isa = XCBuildConfiguration;
			baseConfigurationReference = 0BECF6FC8E8569EE3E9AD590 /* Pods-recyclerewards.debug.xcconfig */;
			buildSettings = {
				ASSETCATALOG_COMPILER_APPICON_NAME = AppIcon;
				CODE_SIGN_STYLE = Automatic;
				CURRENT_PROJECT_VERSION = 2;
				DEVELOPMENT_TEAM = 4KGQNJA83W;
				INFOPLIST_FILE = recyclerewards/Info.plist;
				LD_RUNPATH_SEARCH_PATHS = (
					"$(inherited)",
					"@executable_path/Frameworks",
				);
				PRODUCT_BUNDLE_IDENTIFIER = tylercomisky.qrcodetest;
				PRODUCT_NAME = "$(TARGET_NAME)";
				SWIFT_VERSION = 5.0;
				TARGETED_DEVICE_FAMILY = "1,2";
			};
			name = Debug;
		};
		A685C95323F7556000CCA79A /* Release */ = {
			isa = XCBuildConfiguration;
			baseConfigurationReference = DBE17E4382AB93DBEFAA610B /* Pods-recyclerewards.release.xcconfig */;
			buildSettings = {
				ASSETCATALOG_COMPILER_APPICON_NAME = AppIcon;
				CODE_SIGN_STYLE = Automatic;
				CURRENT_PROJECT_VERSION = 2;
				DEVELOPMENT_TEAM = 4KGQNJA83W;
				INFOPLIST_FILE = recyclerewards/Info.plist;
				LD_RUNPATH_SEARCH_PATHS = (
					"$(inherited)",
					"@executable_path/Frameworks",
				);
				PRODUCT_BUNDLE_IDENTIFIER = tylercomisky.qrcodetest;
				PRODUCT_NAME = "$(TARGET_NAME)";
				SWIFT_VERSION = 5.0;
				TARGETED_DEVICE_FAMILY = "1,2";
			};
			name = Release;
		};
		A685C95523F7556000CCA79A /* Debug */ = {
			isa = XCBuildConfiguration;
			baseConfigurationReference = A39913770E501183AF304C55 /* Pods-recyclerewardsTests.debug.xcconfig */;
			buildSettings = {
				ALWAYS_EMBED_SWIFT_STANDARD_LIBRARIES = YES;
				BUNDLE_LOADER = "$(TEST_HOST)";
				CODE_SIGN_STYLE = Automatic;
				DEVELOPMENT_TEAM = 4KGQNJA83W;
				INFOPLIST_FILE = recyclerewardsTests/Info.plist;
				IPHONEOS_DEPLOYMENT_TARGET = 13.2;
				LD_RUNPATH_SEARCH_PATHS = (
					"$(inherited)",
					"@executable_path/Frameworks",
					"@loader_path/Frameworks",
				);
				PRODUCT_BUNDLE_IDENTIFIER = tylercomisky.recyclerewardsTests;
				PRODUCT_NAME = "$(TARGET_NAME)";
				SWIFT_VERSION = 5.0;
				TARGETED_DEVICE_FAMILY = "1,2";
				TEST_HOST = "$(BUILT_PRODUCTS_DIR)/recyclerewards.app/recyclerewards";
			};
			name = Debug;
		};
		A685C95623F7556000CCA79A /* Release */ = {
			isa = XCBuildConfiguration;
			baseConfigurationReference = C28E3E2803FFD21E7D08D09D /* Pods-recyclerewardsTests.release.xcconfig */;
			buildSettings = {
				ALWAYS_EMBED_SWIFT_STANDARD_LIBRARIES = YES;
				BUNDLE_LOADER = "$(TEST_HOST)";
				CODE_SIGN_STYLE = Automatic;
				DEVELOPMENT_TEAM = 4KGQNJA83W;
				INFOPLIST_FILE = recyclerewardsTests/Info.plist;
				IPHONEOS_DEPLOYMENT_TARGET = 13.2;
				LD_RUNPATH_SEARCH_PATHS = (
					"$(inherited)",
					"@executable_path/Frameworks",
					"@loader_path/Frameworks",
				);
				PRODUCT_BUNDLE_IDENTIFIER = tylercomisky.recyclerewardsTests;
				PRODUCT_NAME = "$(TARGET_NAME)";
				SWIFT_VERSION = 5.0;
				TARGETED_DEVICE_FAMILY = "1,2";
				TEST_HOST = "$(BUILT_PRODUCTS_DIR)/recyclerewards.app/recyclerewards";
			};
			name = Release;
		};
		A685C95823F7556000CCA79A /* Debug */ = {
			isa = XCBuildConfiguration;
			baseConfigurationReference = 8FB33C0F4BD93656491D9DBB /* Pods-recyclerewards-recyclerewardsUITests.debug.xcconfig */;
			buildSettings = {
				ALWAYS_EMBED_SWIFT_STANDARD_LIBRARIES = YES;
				CODE_SIGN_STYLE = Automatic;
				DEVELOPMENT_TEAM = 4KGQNJA83W;
				INFOPLIST_FILE = recyclerewardsUITests/Info.plist;
				LD_RUNPATH_SEARCH_PATHS = (
					"$(inherited)",
					"@executable_path/Frameworks",
					"@loader_path/Frameworks",
				);
				PRODUCT_BUNDLE_IDENTIFIER = tylercomisky.recyclerewardsUITests;
				PRODUCT_NAME = "$(TARGET_NAME)";
				SWIFT_VERSION = 5.0;
				TARGETED_DEVICE_FAMILY = "1,2";
				TEST_TARGET_NAME = recyclerewards;
			};
			name = Debug;
		};
		A685C95923F7556000CCA79A /* Release */ = {
			isa = XCBuildConfiguration;
			baseConfigurationReference = 22A46B7D9B3B72BDBF2A136E /* Pods-recyclerewards-recyclerewardsUITests.release.xcconfig */;
			buildSettings = {
				ALWAYS_EMBED_SWIFT_STANDARD_LIBRARIES = YES;
				CODE_SIGN_STYLE = Automatic;
				DEVELOPMENT_TEAM = 4KGQNJA83W;
				INFOPLIST_FILE = recyclerewardsUITests/Info.plist;
				LD_RUNPATH_SEARCH_PATHS = (
					"$(inherited)",
					"@executable_path/Frameworks",
					"@loader_path/Frameworks",
				);
				PRODUCT_BUNDLE_IDENTIFIER = tylercomisky.recyclerewardsUITests;
				PRODUCT_NAME = "$(TARGET_NAME)";
				SWIFT_VERSION = 5.0;
				TARGETED_DEVICE_FAMILY = "1,2";
				TEST_TARGET_NAME = recyclerewards;
			};
			name = Release;
		};
/* End XCBuildConfiguration section */

/* Begin XCConfigurationList section */
		A685C92223F7555E00CCA79A /* Build configuration list for PBXProject "recyclerewards" */ = {
			isa = XCConfigurationList;
			buildConfigurations = (
				A685C94F23F7556000CCA79A /* Debug */,
				A685C95023F7556000CCA79A /* Release */,
			);
			defaultConfigurationIsVisible = 0;
			defaultConfigurationName = Release;
		};
		A685C95123F7556000CCA79A /* Build configuration list for PBXNativeTarget "recyclerewards" */ = {
			isa = XCConfigurationList;
			buildConfigurations = (
				A685C95223F7556000CCA79A /* Debug */,
				A685C95323F7556000CCA79A /* Release */,
			);
			defaultConfigurationIsVisible = 0;
			defaultConfigurationName = Release;
		};
		A685C95423F7556000CCA79A /* Build configuration list for PBXNativeTarget "recyclerewardsTests" */ = {
			isa = XCConfigurationList;
			buildConfigurations = (
				A685C95523F7556000CCA79A /* Debug */,
				A685C95623F7556000CCA79A /* Release */,
			);
			defaultConfigurationIsVisible = 0;
			defaultConfigurationName = Release;
		};
		A685C95723F7556000CCA79A /* Build configuration list for PBXNativeTarget "recyclerewardsUITests" */ = {
			isa = XCConfigurationList;
			buildConfigurations = (
				A685C95823F7556000CCA79A /* Debug */,
				A685C95923F7556000CCA79A /* Release */,
			);
			defaultConfigurationIsVisible = 0;
			defaultConfigurationName = Release;
		};
/* End XCConfigurationList section */
	};
	rootObject = A685C91F23F7555E00CCA79A /* Project object */;
}
